{
  "originHash" : "544f75e1bb115e9c2ce89637c793152ae0a9a35391dfea4bf94362eadb2c69b6",
  "pins" : [
    {
      "identity" : "clibmodbus",
      "kind" : "remoteSourceControl",
      "location" : "https://github.com/TheMisfit68/ClibModbus.git",
      "state" : {
        "branch" : "main",
        "revision" : "2b87ee56760818337534c52f2c28b111a52aa614"
      }
    },
    {
      "identity" : "jvscripting",
      "kind" : "remoteSourceControl",
      "location" : "https://github.com/TheMisfit68/JVScripting.git",
      "state" : {
        "branch" : "main",
        "revision" : "dc94ef54c0db26d7503add4ad49ad019f84d0a02"
      }
    },
    {
      "identity" : "jvswiftcore",
      "kind" : "remoteSourceControl",
      "location" : "https://github.com/TheMisfit68/JVSwiftCore.git",
      "state" : {
        "branch" : "main",
        "revision" : "dc1abd4d514b266b30f2027d25f098c9295aba33"
      }
    },
    {
      "identity" : "swift-docc-plugin",
      "kind" : "remoteSourceControl",
      "location" : "https://github.com/apple/swift-docc-plugin",
      "state" : {
        "revision" : "85e4bb4e1cd62cec64a4b8e769dcefdf0c5b9d64",
        "version" : "1.4.3"
      }
    },
    {
      "identity" : "swift-docc-symbolkit",
      "kind" : "remoteSourceControl",
      "location" : "https://github.com/swiftlang/swift-docc-symbolkit",
      "state" : {
        "revision" : "b45d1f2ed151d057b54504d653e0da5552844e34",
        "version" : "1.0.0"
      }
    }
  ],
  "version" : 3
}
